
Microsoft Visual Studio Solution File, Format Version 12.00
# Visual Studio Version 16
VisualStudioVersion = 16.0.31112.23
MinimumVisualStudioVersion = 10.0.40219.1
Project("{FAE04EC0-301F-11D3-BF4B-00C04F79EFBC}") = "webview2Demo", "webview2Demo.csproj", "{4D138647-27C3-489D-84B3-B1ECD488CB92}"
EndProject
Global
	GlobalSection(SolutionConfigurationPlatforms) = preSolution
		Debug|Any CPU = Debug|Any CPU
		Release|Any CPU = Release|Any CPU
	EndGlobalSection
	GlobalSection(ProjectConfigurationPlatforms) = postSolution
		{4D138647-27C3-489D-84B3-B1ECD488CB92}.Debug|Any CPU.ActiveCfg = Debug|Any CPU
		{4D138647-27C3-489D-84B3-B1ECD488CB92}.Debug|Any CPU.Build.0 = Debug|Any CPU
		{4D138647-27C3-489D-84B3-B1ECD488CB92}.Release|Any CPU.ActiveCfg = Release|Any CPU
		{4D138647-27C3-489D-84B3-B1ECD488CB92}.Release|Any CPU.Build.0 = Release|Any CPU
	EndGlobalSection
	GlobalSection(SolutionProperties) = preSolution
		HideSolutionNode = FALSE
	EndGlobalSection
	GlobalSection(ExtensibilityGlobals) = postSolution
		SolutionGuid = {B4EC3D03-8393-436D-8097-B3F7E4B4F364}
	EndGlobalSection
EndGlobal
